
Microsoft Visual Studio Solution File, Format Version 12.00
# Visual Studio Version 16
VisualStudioVersion = 16.0.29201.188
MinimumVisualStudioVersion = 10.0.40219.1
Project("{FAE04EC0-301F-11D3-BF4B-00C04F79EFBC}") = "StudioTVPlayer", "StudioTVPlayer\StudioTVPlayer.csproj", "{117594D4-570F-425A-87A4-81B1A9458E29}"
EndProject
Project("{8BC9CEB8-8B4A-11D0-8D11-00A0C91BC942}") = "TVPlayRLib", "TVPlayRLib\TVPlayR.vcxproj", "{000B04E8-1484-4100-B36C-10F1CDF4602B}"
EndProject
Project("{8BC9CEB8-8B4A-11D0-8D11-00A0C91BC942}") = "TVPlayR.Player", "TVPlayR.Player\TVPlayR.Player.vcxproj", "{8D4BA75E-812D-41E1-8B0F-DE6540D2F84B}"
EndProject
Project("{2150E333-8FDC-42A3-9474-1A3956D46DE8}") = "Helpers", "Helpers", "{A1D0DDE3-AF4B-4A7E-BC19-F6AE343160FA}"
EndProject
Project("{8BC9CEB8-8B4A-11D0-8D11-00A0C91BC942}") = "TestPlayer", "Helpers\TestPlayer\TestPlayer.vcxproj", "{F69ABB69-6AA2-41D7-BD25-1656CA0F4945}"
EndProject
Global
	GlobalSection(SolutionConfigurationPlatforms) = preSolution
		Debug|Any CPU = Debug|Any CPU
		Debug|x64 = Debug|x64
		Debug|x86 = Debug|x86
		Release|Any CPU = Release|Any CPU
		Release|x64 = Release|x64
		Release|x86 = Release|x86
	EndGlobalSection
	GlobalSection(ProjectConfigurationPlatforms) = postSolution
		{117594D4-570F-425A-87A4-81B1A9458E29}.Debug|Any CPU.ActiveCfg = Debug|Any CPU
		{117594D4-570F-425A-87A4-81B1A9458E29}.Debug|Any CPU.Build.0 = Debug|Any CPU
		{117594D4-570F-425A-87A4-81B1A9458E29}.Debug|x64.ActiveCfg = Debug|Any CPU
		{117594D4-570F-425A-87A4-81B1A9458E29}.Debug|x64.Build.0 = Debug|Any CPU
		{117594D4-570F-425A-87A4-81B1A9458E29}.Debug|x86.ActiveCfg = Debug|Any CPU
		{117594D4-570F-425A-87A4-81B1A9458E29}.Debug|x86.Build.0 = Debug|Any CPU
		{117594D4-570F-425A-87A4-81B1A9458E29}.Release|Any CPU.ActiveCfg = Release|Any CPU
		{117594D4-570F-425A-87A4-81B1A9458E29}.Release|Any CPU.Build.0 = Release|Any CPU
		{117594D4-570F-425A-87A4-81B1A9458E29}.Release|x64.ActiveCfg = Release|Any CPU
		{117594D4-570F-425A-87A4-81B1A9458E29}.Release|x64.Build.0 = Release|Any CPU
		{117594D4-570F-425A-87A4-81B1A9458E29}.Release|x86.ActiveCfg = Release|Any CPU
		{117594D4-570F-425A-87A4-81B1A9458E29}.Release|x86.Build.0 = Release|Any CPU
		{000B04E8-1484-4100-B36C-10F1CDF4602B}.Debug|Any CPU.ActiveCfg = Debug|x64
		{000B04E8-1484-4100-B36C-10F1CDF4602B}.Debug|Any CPU.Build.0 = Debug|x64
		{000B04E8-1484-4100-B36C-10F1CDF4602B}.Debug|x64.ActiveCfg = Debug|x64
		{000B04E8-1484-4100-B36C-10F1CDF4602B}.Debug|x64.Build.0 = Debug|x64
		{000B04E8-1484-4100-B36C-10F1CDF4602B}.Debug|x86.ActiveCfg = Debug|Win32
		{000B04E8-1484-4100-B36C-10F1CDF4602B}.Debug|x86.Build.0 = Debug|Win32
		{000B04E8-1484-4100-B36C-10F1CDF4602B}.Release|Any CPU.ActiveCfg = Release|x64
		{000B04E8-1484-4100-B36C-10F1CDF4602B}.Release|Any CPU.Build.0 = Release|x64
		{000B04E8-1484-4100-B36C-10F1CDF4602B}.Release|x64.ActiveCfg = Release|x64
		{000B04E8-1484-4100-B36C-10F1CDF4602B}.Release|x64.Build.0 = Release|x64
		{000B04E8-1484-4100-B36C-10F1CDF4602B}.Release|x86.ActiveCfg = Release|Win32
		{000B04E8-1484-4100-B36C-10F1CDF4602B}.Release|x86.Build.0 = Release|Win32
		{8D4BA75E-812D-41E1-8B0F-DE6540D2F84B}.Debug|Any CPU.ActiveCfg = Debug|x64
		{8D4BA75E-812D-41E1-8B0F-DE6540D2F84B}.Debug|Any CPU.Build.0 = Debug|x64
		{8D4BA75E-812D-41E1-8B0F-DE6540D2F84B}.Debug|x64.ActiveCfg = Debug|x64
		{8D4BA75E-812D-41E1-8B0F-DE6540D2F84B}.Debug|x64.Build.0 = Debug|x64
		{8D4BA75E-812D-41E1-8B0F-DE6540D2F84B}.Debug|x86.ActiveCfg = Debug|Win32
		{8D4BA75E-812D-41E1-8B0F-DE6540D2F84B}.Debug|x86.Build.0 = Debug|Win32
		{8D4BA75E-812D-41E1-8B0F-DE6540D2F84B}.Release|Any CPU.ActiveCfg = Release|x64
		{8D4BA75E-812D-41E1-8B0F-DE6540D2F84B}.Release|Any CPU.Build.0 = Release|x64
		{8D4BA75E-812D-41E1-8B0F-DE6540D2F84B}.Release|x64.ActiveCfg = Release|x64
		{8D4BA75E-812D-41E1-8B0F-DE6540D2F84B}.Release|x64.Build.0 = Release|x64
		{8D4BA75E-812D-41E1-8B0F-DE6540D2F84B}.Release|x86.ActiveCfg = Release|Win32
		{8D4BA75E-812D-41E1-8B0F-DE6540D2F84B}.Release|x86.Build.0 = Release|Win32
		{F69ABB69-6AA2-41D7-BD25-1656CA0F4945}.Debug|Any CPU.ActiveCfg = Debug|x64
		{F69ABB69-6AA2-41D7-BD25-1656CA0F4945}.Debug|Any CPU.Build.0 = Debug|x64
		{F69ABB69-6AA2-41D7-BD25-1656CA0F4945}.Debug|x64.ActiveCfg = Debug|x64
		{F69ABB69-6AA2-41D7-BD25-1656CA0F4945}.Debug|x64.Build.0 = Debug|x64
		{F69ABB69-6AA2-41D7-BD25-1656CA0F4945}.Debug|x86.ActiveCfg = Debug|Win32
		{F69ABB69-6AA2-41D7-BD25-1656CA0F4945}.Debug|x86.Build.0 = Debug|Win32
		{F69ABB69-6AA2-41D7-BD25-1656CA0F4945}.Release|Any CPU.ActiveCfg = Release|x64
		{F69ABB69-6AA2-41D7-BD25-1656CA0F4945}.Release|Any CPU.Build.0 = Release|x64
		{F69ABB69-6AA2-41D7-BD25-1656CA0F4945}.Release|x64.ActiveCfg = Release|x64
		{F69ABB69-6AA2-41D7-BD25-1656CA0F4945}.Release|x64.Build.0 = Release|x64
		{F69ABB69-6AA2-41D7-BD25-1656CA0F4945}.Release|x86.ActiveCfg = Release|Win32
		{F69ABB69-6AA2-41D7-BD25-1656CA0F4945}.Release|x86.Build.0 = Release|Win32
	EndGlobalSection
	GlobalSection(SolutionProperties) = preSolution
		HideSolutionNode = FALSE
	EndGlobalSection
	GlobalSection(NestedProjects) = preSolution
		{F69ABB69-6AA2-41D7-BD25-1656CA0F4945} = {A1D0DDE3-AF4B-4A7E-BC19-F6AE343160FA}
	EndGlobalSection
	GlobalSection(ExtensibilityGlobals) = postSolution
		SolutionGuid = {4A3B44D3-AF55-47CE-8FC0-B40E9D7CBD35}
	EndGlobalSection
EndGlobal
