<?xml version="1.0" encoding="utf-8"?>
<Project ToolsVersion="4.0" xmlns="http://schemas.microsoft.com/developer/msbuild/2003">
  <ItemGroup>
    <Filter Include="Source Files">
      <UniqueIdentifier>{4FC737F1-C7A5-4376-A066-2A32D752A2FF}</UniqueIdentifier>
      <Extensions>cpp;c;cc;cxx;def;odl;idl;hpj;bat;asm;asmx</Extensions>
    </Filter>
    <Filter Include="Header Files">
      <UniqueIdentifier>{93995380-89BD-4b04-88EB-625FBE52EBFB}</UniqueIdentifier>
      <Extensions>h;hh;hpp;hxx;hm;inl;inc;ipp;xsd</Extensions>
    </Filter>
    <Filter Include="Resource Files">
      <UniqueIdentifier>{67DA6AB6-F800-4c08-8B7A-83BB121AAD01}</UniqueIdentifier>
      <Extensions>rc;ico;cur;bmp;dlg;rc2;rct;bin;rgs;gif;jpg;jpeg;jpe;resx;tiff;tif;png;wav;mfcribbon-ms</Extensions>
    </Filter>
  </ItemGroup>
  <ItemGroup>
    <ClInclude Include="stdafx.h">
      <Filter>Header Files</Filter>
    </ClInclude>
    <ClInclude Include="DecklinkOutput.h">
      <Filter>Header Files</Filter>
    </ClInclude>
    <ClInclude Include="Channel.h">
      <Filter>Header Files</Filter>
    </ClInclude>
    <ClInclude Include="PixelFormat.h">
      <Filter>Header Files</Filter>
    </ClInclude>
    <ClInclude Include="FileInput.h">
      <Filter>Header Files</Filter>
    </ClInclude>
    <ClInclude Include="VideoFormat.h">
      <Filter>Header Files</Filter>
    </ClInclude>
    <ClInclude Include="Rational.h">
      <Filter>Header Files</Filter>
    </ClInclude>
    <ClInclude Include="ClrStringHelper.h">
      <Filter>Header Files</Filter>
    </ClInclude>
    <ClInclude Include="TimeEventArgs.h">
      <Filter>Header Files</Filter>
    </ClInclude>
    <ClInclude Include="NdiOutput.h">
      <Filter>Header Files</Filter>
    </ClInclude>
    <ClInclude Include="HardwareAcceleration.h">
      <Filter>Header Files</Filter>
    </ClInclude>
    <ClInclude Include="FieldOrder.h">
      <Filter>Header Files</Filter>
    </ClInclude>
    <ClInclude Include="AudioVolumeEventArgs.h">
      <Filter>Header Files</Filter>
    </ClInclude>
    <ClInclude Include="OutputBase.h">
      <Filter>Header Files</Filter>
    </ClInclude>
    <ClInclude Include="DecklinkIterator.h">
      <Filter>Header Files</Filter>
    </ClInclude>
    <ClInclude Include="StreamOutput.h">
      <Filter>Header Files</Filter>
    </ClInclude>
    <ClInclude Include="DecklinkInput.h">
      <Filter>Header Files</Filter>
    </ClInclude>
    <ClInclude Include="FileInfo.h">
      <Filter>Header Files</Filter>
    </ClInclude>
    <ClInclude Include="OverlayBase.h">
      <Filter>Header Files</Filter>
    </ClInclude>
    <ClInclude Include="TimecodeOverlay.h">
      <Filter>Header Files</Filter>
    </ClInclude>
    <ClInclude Include="InputBase.h">
      <Filter>Header Files</Filter>
    </ClInclude>
    <ClInclude Include="OutputPreview.h">
      <Filter>Header Files</Filter>
    </ClInclude>
    <ClInclude Include="InputPreview.h">
      <Filter>Header Files</Filter>
    </ClInclude>
    <ClInclude Include="VideoFormatEventArgs.h">
      <Filter>Header Files</Filter>
    </ClInclude>
  </ItemGroup>
  <ItemGroup>
    <ClCompile Include="AssemblyInfo.cpp">
      <Filter>Source Files</Filter>
    </ClCompile>
    <ClCompile Include="stdafx.cpp">
      <Filter>Source Files</Filter>
    </ClCompile>
    <ClCompile Include="DecklinkOutput.cpp">
      <Filter>Source Files</Filter>
    </ClCompile>
    <ClCompile Include="Channel.cpp">
      <Filter>Source Files</Filter>
    </ClCompile>
    <ClCompile Include="FileInput.cpp">
      <Filter>Source Files</Filter>
    </ClCompile>
    <ClCompile Include="VideoFormat.cpp">
      <Filter>Source Files</Filter>
    </ClCompile>
    <ClCompile Include="NdiOutput.cpp">
      <Filter>Source Files</Filter>
    </ClCompile>
    <ClCompile Include="VersionInfo.h">
      <Filter>Header Files</Filter>
    </ClCompile>
    <ClCompile Include="DecklinkIterator.cpp">
      <Filter>Source Files</Filter>
    </ClCompile>
    <ClCompile Include="DecklinkInfo.h">
      <Filter>Source Files</Filter>
    </ClCompile>
    <ClCompile Include="StreamOutput.cpp">
      <Filter>Source Files</Filter>
    </ClCompile>
    <ClCompile Include="DecklinkInput.cpp">
      <Filter>Source Files</Filter>
    </ClCompile>
    <ClCompile Include="FileInfo.cpp">
      <Filter>Source Files</Filter>
    </ClCompile>
    <ClCompile Include="TimecodeOverlay.cpp">
      <Filter>Source Files</Filter>
    </ClCompile>
    <ClCompile Include="OutputPreview.cpp">
      <Filter>Source Files</Filter>
    </ClCompile>
    <ClCompile Include="InputPreview.cpp">
      <Filter>Source Files</Filter>
    </ClCompile>
  </ItemGroup>
</Project>