<?xml version="1.0" encoding="utf-8"?>
<Project ToolsVersion="4.0" xmlns="http://schemas.microsoft.com/developer/msbuild/2003">
  <ItemGroup>
    <Filter Include="Source Files">
      <UniqueIdentifier>{4FC737F1-C7A5-4376-A066-2A32D752A2FF}</UniqueIdentifier>
      <Extensions>cpp;c;cc;cxx;def;odl;idl;hpj;bat;asm;asmx</Extensions>
    </Filter>
    <Filter Include="Header Files">
      <UniqueIdentifier>{93995380-89BD-4b04-88EB-625FBE52EBFB}</UniqueIdentifier>
      <Extensions>h;hh;hpp;hxx;hm;inl;inc;ipp;xsd</Extensions>
    </Filter>
    <Filter Include="Resource Files">
      <UniqueIdentifier>{67DA6AB6-F800-4c08-8B7A-83BB121AAD01}</UniqueIdentifier>
      <Extensions>rc;ico;cur;bmp;dlg;rc2;rct;bin;rgs;gif;jpg;jpeg;jpe;resx;tiff;tif;png;wav;mfcribbon-ms</Extensions>
    </Filter>
  </ItemGroup>
  <ItemGroup>
    <ClInclude Include="stdafx.h">
      <Filter>Header Files</Filter>
    </ClInclude>
    <ClInclude Include="Resource.h">
      <Filter>Header Files</Filter>
    </ClInclude>
    <ClInclude Include="DecklinkDevice.h">
      <Filter>Header Files</Filter>
    </ClInclude>
    <ClInclude Include="Channel.h">
      <Filter>Header Files</Filter>
    </ClInclude>
    <ClInclude Include="PixelFormat.h">
      <Filter>Header Files</Filter>
    </ClInclude>
    <ClInclude Include="InputFile.h">
      <Filter>Header Files</Filter>
    </ClInclude>
    <ClInclude Include="VideoFormat.h">
      <Filter>Header Files</Filter>
    </ClInclude>
    <ClInclude Include="Rational.h">
      <Filter>Header Files</Filter>
    </ClInclude>
    <ClInclude Include="ClrStringHelper.h">
      <Filter>Header Files</Filter>
    </ClInclude>
    <ClInclude Include="TimeEventArgs.h">
      <Filter>Header Files</Filter>
    </ClInclude>
    <ClInclude Include="NdiDevice.h">
      <Filter>Header Files</Filter>
    </ClInclude>
    <ClInclude Include="HardwareAcceleration.h">
      <Filter>Header Files</Filter>
    </ClInclude>
    <ClInclude Include="FieldOrder.h">
      <Filter>Header Files</Filter>
    </ClInclude>
    <ClInclude Include="PreviewDevice.h">
      <Filter>Header Files</Filter>
    </ClInclude>
    <ClInclude Include="AudioVolumeEventArgs.h">
      <Filter>Header Files</Filter>
    </ClInclude>
  </ItemGroup>
  <ItemGroup>
    <ClCompile Include="AssemblyInfo.cpp">
      <Filter>Source Files</Filter>
    </ClCompile>
    <ClCompile Include="stdafx.cpp">
      <Filter>Source Files</Filter>
    </ClCompile>
    <ClCompile Include="DecklinkDevice.cpp">
      <Filter>Source Files</Filter>
    </ClCompile>
    <ClCompile Include="Channel.cpp">
      <Filter>Source Files</Filter>
    </ClCompile>
    <ClCompile Include="InputFile.cpp">
      <Filter>Source Files</Filter>
    </ClCompile>
    <ClCompile Include="VideoFormat.cpp">
      <Filter>Source Files</Filter>
    </ClCompile>
    <ClCompile Include="NdiDevice.cpp">
      <Filter>Source Files</Filter>
    </ClCompile>
    <ClCompile Include="PreviewDevice.cpp">
      <Filter>Source Files</Filter>
    </ClCompile>
    <ClCompile Include="VersionInfo.cpp">
      <Filter>Header Files</Filter>
    </ClCompile>
  </ItemGroup>
  <ItemGroup>
    <ResourceCompile Include="app.rc">
      <Filter>Resource Files</Filter>
    </ResourceCompile>
  </ItemGroup>
</Project>