<?xml version="1.0" encoding="utf-8"?>
<Project ToolsVersion="4.0" xmlns="http://schemas.microsoft.com/developer/msbuild/2003">
  <ItemGroup>
    <Filter Include="Resource Files">
      <UniqueIdentifier>{67DA6AB6-F800-4c08-8B7A-83BB121AAD01}</UniqueIdentifier>
      <Extensions>rc;ico;cur;bmp;dlg;rc2;rct;bin;rgs;gif;jpg;jpeg;jpe;resx;tiff;tif;png;wav;mfcribbon-ms</Extensions>
    </Filter>
    <Filter Include="Decklink">
      <UniqueIdentifier>{3408a765-0c18-41b4-8ee5-64f3be313cf6}</UniqueIdentifier>
    </Filter>
    <Filter Include="Decklink\Interop">
      <UniqueIdentifier>{7c9c31e0-681f-41f4-a112-de0488e1a77e}</UniqueIdentifier>
    </Filter>
    <Filter Include="Ndi">
      <UniqueIdentifier>{6f716b27-aa05-4ff3-8292-053665c2c643}</UniqueIdentifier>
    </Filter>
    <Filter Include="Core">
      <UniqueIdentifier>{9ef1a49d-643c-45fb-b3ad-5537574bed32}</UniqueIdentifier>
    </Filter>
    <Filter Include="Common">
      <UniqueIdentifier>{0865f8dc-6fcf-4419-90b8-10b353ef9502}</UniqueIdentifier>
    </Filter>
    <Filter Include="Preview">
      <UniqueIdentifier>{ae7e9ee7-b676-4819-a1cc-bd9444134abb}</UniqueIdentifier>
    </Filter>
    <Filter Include="FFmpeg">
      <UniqueIdentifier>{6383a109-8738-4ebc-a479-21bd5e6cb721}</UniqueIdentifier>
    </Filter>
  </ItemGroup>
  <ItemGroup>
    <ClInclude Include="Common\ComInitializer.h">
      <Filter>Common</Filter>
    </ClInclude>
    <ClInclude Include="Decklink\DecklinkIterator.h">
      <Filter>Decklink</Filter>
    </ClInclude>
    <ClInclude Include="Common\rational.h">
      <Filter>Common</Filter>
    </ClInclude>
    <ClInclude Include="Core\VideoFormat.h">
      <Filter>Core</Filter>
    </ClInclude>
    <ClInclude Include="Core\Player.h">
      <Filter>Core</Filter>
    </ClInclude>
    <ClInclude Include="FFmpeg\Decoder.h">
      <Filter>FFmpeg</Filter>
    </ClInclude>
    <ClInclude Include="FFmpeg\FilterBase.h">
      <Filter>FFmpeg</Filter>
    </ClInclude>
    <ClInclude Include="FFmpeg\InputFormat.h">
      <Filter>FFmpeg</Filter>
    </ClInclude>
    <ClInclude Include="FFmpeg\VideoFilterBase.h">
      <Filter>FFmpeg</Filter>
    </ClInclude>
    <ClInclude Include="Common\Exceptions.h">
      <Filter>Common</Filter>
    </ClInclude>
    <ClInclude Include="pch.h" />
    <ClInclude Include="Decklink\ApiVersion.h">
      <Filter>Decklink</Filter>
    </ClInclude>
    <ClInclude Include="Decklink\DecklinkOutput.h">
      <Filter>Decklink</Filter>
    </ClInclude>
    <ClInclude Include="Core\OutputDevice.h">
      <Filter>Core</Filter>
    </ClInclude>
    <ClInclude Include="Common\NonCopyable.h">
      <Filter>Common</Filter>
    </ClInclude>
    <ClInclude Include="FFmpeg\FFmpegUtils.h">
      <Filter>FFmpeg</Filter>
    </ClInclude>
    <ClInclude Include="Decklink\DeckLinkAPI_h.h">
      <Filter>Decklink\Interop</Filter>
    </ClInclude>
    <ClInclude Include="Core\InputSource.h">
      <Filter>Core</Filter>
    </ClInclude>
    <ClInclude Include="FFmpeg\FFmpegInput.h">
      <Filter>FFmpeg</Filter>
    </ClInclude>
    <ClInclude Include="Ndi\NdiOutput.h">
      <Filter>Ndi</Filter>
    </ClInclude>
    <ClInclude Include="FFmpeg\ThumbnailFilter.h">
      <Filter>FFmpeg</Filter>
    </ClInclude>
    <ClInclude Include="Core\HwAccel.h">
      <Filter>Core</Filter>
    </ClInclude>
    <ClInclude Include="Common\Executor.h">
      <Filter>Common</Filter>
    </ClInclude>
    <ClInclude Include="FFmpeg\AudioFifo.h">
      <Filter>FFmpeg</Filter>
    </ClInclude>
    <ClInclude Include="Core\StreamInfo.h">
      <Filter>Core</Filter>
    </ClInclude>
    <ClInclude Include="FFmpeg\PlayerScaler.h">
      <Filter>FFmpeg</Filter>
    </ClInclude>
    <ClInclude Include="FFmpeg\AudioMuxer.h">
      <Filter>FFmpeg</Filter>
    </ClInclude>
    <ClInclude Include="Core\AudioChannelMapEntry.h">
      <Filter>Core</Filter>
    </ClInclude>
    <ClInclude Include="Core\MediaType.h">
      <Filter>Core</Filter>
    </ClInclude>
    <ClInclude Include="Common\Semaphore.h">
      <Filter>Common</Filter>
    </ClInclude>
    <ClInclude Include="Decklink\DecklinkUtils.h">
      <Filter>Decklink</Filter>
    </ClInclude>
    <ClInclude Include="Decklink\DecklinkVideoFrame.h">
      <Filter>Decklink</Filter>
    </ClInclude>
    <ClInclude Include="FFmpeg\SynchronizingBuffer.h">
      <Filter>FFmpeg</Filter>
    </ClInclude>
    <ClInclude Include="Core\AudioVolume.h">
      <Filter>Core</Filter>
    </ClInclude>
    <ClInclude Include="Common\Debug.h">
      <Filter>Common</Filter>
    </ClInclude>
    <ClInclude Include="Decklink\DecklinkTimecode.h">
      <Filter>Decklink</Filter>
    </ClInclude>
    <ClInclude Include="Common\BlockingCollection.h">
      <Filter>Common</Filter>
    </ClInclude>
    <ClInclude Include="Ndi\NdiUtils.h">
      <Filter>Ndi</Filter>
    </ClInclude>
    <ClInclude Include="Decklink\DecklinkInfo.h">
      <Filter>Decklink</Filter>
    </ClInclude>
    <ClInclude Include="FFmpeg\FFmpegOutput.h">
      <Filter>FFmpeg</Filter>
    </ClInclude>
    <ClInclude Include="FFmpeg\FFOutputParams.h">
      <Filter>FFmpeg</Filter>
    </ClInclude>
    <ClInclude Include="Decklink\DecklinkInput.h">
      <Filter>Decklink</Filter>
    </ClInclude>
    <ClInclude Include="FFmpeg\FFmpegFileInfo.h">
      <Filter>FFmpeg</Filter>
    </ClInclude>
    <ClInclude Include="Decklink\DecklinkInputSynchroProvider.h">
      <Filter>Decklink</Filter>
    </ClInclude>
    <ClInclude Include="Core\OverlayBase.h">
      <Filter>Core</Filter>
    </ClInclude>
    <ClInclude Include="FFmpeg\FFmpegInputBase.h">
      <Filter>FFmpeg</Filter>
    </ClInclude>
    <ClInclude Include="FFmpeg\SwScale.h">
      <Filter>FFmpeg</Filter>
    </ClInclude>
    <ClInclude Include="Core\TimecodeOverlay.h">
      <Filter>Core</Filter>
    </ClInclude>
    <ClInclude Include="Preview\PreviewSink.h">
      <Filter>Preview</Filter>
    </ClInclude>
    <ClInclude Include="FFmpeg\Encoder.h">
      <Filter>FFmpeg</Filter>
    </ClInclude>
    <ClInclude Include="FFmpeg\OutputFormat.h">
      <Filter>FFmpeg</Filter>
    </ClInclude>
    <ClInclude Include="DecklinkTimecodeSource.h" />
    <ClInclude Include="PixelFormat.h" />
    <ClInclude Include="FieldOrder.h" />
    <ClInclude Include="FFmpeg\SwResample.h">
      <Filter>FFmpeg</Filter>
    </ClInclude>
    <ClInclude Include="DecklinkKeyerType.h" />
    <ClInclude Include="FFmpeg\OutputVideoFilter.h">
      <Filter>FFmpeg</Filter>
    </ClInclude>
    <ClInclude Include="TimecodeOutputSource.h" />
    <ClInclude Include="Core\FrameTimeInfo.h">
      <Filter>Core</Filter>
    </ClInclude>
    <ClInclude Include="Core\AVSync.h">
      <Filter>Core</Filter>
    </ClInclude>
    <ClInclude Include="FFmpeg\PauseBuffer.h">
      <Filter>FFmpeg</Filter>
    </ClInclude>
    <ClInclude Include="Core\CoreUtils.h">
      <Filter>Core</Filter>
    </ClInclude>
    <ClInclude Include="ColorSpace.h" />
  </ItemGroup>
  <ItemGroup>
    <ClCompile Include="Decklink\DecklinkIterator.cpp">
      <Filter>Decklink</Filter>
    </ClCompile>
    <ClCompile Include="Core\VideoFormat.cpp">
      <Filter>Core</Filter>
    </ClCompile>
    <ClCompile Include="Core\Player.cpp">
      <Filter>Core</Filter>
    </ClCompile>
    <ClCompile Include="FFmpeg\Decoder.cpp">
      <Filter>FFmpeg</Filter>
    </ClCompile>
    <ClCompile Include="FFmpeg\FilterBase.cpp">
      <Filter>FFmpeg</Filter>
    </ClCompile>
    <ClCompile Include="FFmpeg\InputFormat.cpp">
      <Filter>FFmpeg</Filter>
    </ClCompile>
    <ClCompile Include="FFmpeg\VideoFilterBase.cpp">
      <Filter>FFmpeg</Filter>
    </ClCompile>
    <ClCompile Include="pch.cpp" />
    <ClCompile Include="Decklink\DecklinkOutput.cpp">
      <Filter>Decklink</Filter>
    </ClCompile>
    <ClCompile Include="Decklink\DeckLinkAPI_i.c">
      <Filter>Decklink\Interop</Filter>
    </ClCompile>
    <ClCompile Include="FFmpeg\FFmpegInput.cpp">
      <Filter>FFmpeg</Filter>
    </ClCompile>
    <ClCompile Include="Ndi\NdiOutput.cpp">
      <Filter>Ndi</Filter>
    </ClCompile>
    <ClCompile Include="FFmpeg\ThumbnailFilter.cpp">
      <Filter>FFmpeg</Filter>
    </ClCompile>
    <ClCompile Include="FFmpeg\AudioFifo.cpp">
      <Filter>FFmpeg</Filter>
    </ClCompile>
    <ClCompile Include="FFmpeg\PlayerScaler.cpp">
      <Filter>FFmpeg</Filter>
    </ClCompile>
    <ClCompile Include="FFmpeg\AudioMuxer.cpp">
      <Filter>FFmpeg</Filter>
    </ClCompile>
    <ClCompile Include="FFmpeg\FFmpegUtils.cpp">
      <Filter>FFmpeg</Filter>
    </ClCompile>
    <ClCompile Include="Decklink\DecklinkVideoFrame.cpp">
      <Filter>Decklink</Filter>
    </ClCompile>
    <ClCompile Include="FFmpeg\SynchronizingBuffer.cpp">
      <Filter>FFmpeg</Filter>
    </ClCompile>
    <ClCompile Include="Core\AudioVolume.cpp">
      <Filter>Core</Filter>
    </ClCompile>
    <ClCompile Include="Decklink\DecklinkTimecode.cpp">
      <Filter>Decklink</Filter>
    </ClCompile>
    <ClCompile Include="Ndi\NdiUtils.cpp">
      <Filter>Ndi</Filter>
    </ClCompile>
    <ClCompile Include="Decklink\DecklinkInfo.cpp">
      <Filter>Decklink</Filter>
    </ClCompile>
    <ClCompile Include="FFmpeg\FFmpegOutput.cpp">
      <Filter>FFmpeg</Filter>
    </ClCompile>
    <ClCompile Include="Decklink\DecklinkInput.cpp">
      <Filter>Decklink</Filter>
    </ClCompile>
    <ClCompile Include="FFmpeg\FFmpegFileInfo.cpp">
      <Filter>FFmpeg</Filter>
    </ClCompile>
    <ClCompile Include="Decklink\DecklinkInputSynchroProvider.cpp">
      <Filter>Decklink</Filter>
    </ClCompile>
    <ClCompile Include="FFmpeg\FFmpegInputBase.cpp">
      <Filter>FFmpeg</Filter>
    </ClCompile>
    <ClCompile Include="FFmpeg\SwScale.cpp">
      <Filter>FFmpeg</Filter>
    </ClCompile>
    <ClCompile Include="Core\TimecodeOverlay.cpp">
      <Filter>Core</Filter>
    </ClCompile>
    <ClCompile Include="Preview\PreviewSink.cpp">
      <Filter>Preview</Filter>
    </ClCompile>
    <ClCompile Include="Decklink\DecklinkUtils.cpp">
      <Filter>Decklink</Filter>
    </ClCompile>
    <ClCompile Include="FFmpeg\Encoder.cpp">
      <Filter>FFmpeg</Filter>
    </ClCompile>
    <ClCompile Include="FFmpeg\OutputFormat.cpp">
      <Filter>FFmpeg</Filter>
    </ClCompile>
    <ClCompile Include="FFmpeg\SwResample.cpp">
      <Filter>FFmpeg</Filter>
    </ClCompile>
    <ClCompile Include="FFmpeg\OutputVideoFilter.cpp">
      <Filter>FFmpeg</Filter>
    </ClCompile>
    <ClCompile Include="FFmpeg\PauseBuffer.cpp">
      <Filter>FFmpeg</Filter>
    </ClCompile>
    <ClCompile Include="Core\CoreUtils.cpp">
      <Filter>Core</Filter>
    </ClCompile>
    <ClCompile Include="Core\InputSource.cpp">
      <Filter>Core</Filter>
    </ClCompile>
  </ItemGroup>
  <ItemGroup>
    <Midl Include="..\DecklinkSDK\include\DeckLinkAPI.idl">
      <Filter>Decklink\Interop</Filter>
    </Midl>
  </ItemGroup>
</Project>